###############################################################
#  Generated by:      Cadence Innovus 20.10-p004_1
#  OS:                Linux x86_64(Host ID cad29)
#  Generated on:      Wed Jan 12 21:44:36 2022
#  Design:            GSIM
#  Command:           saveIoFile -byOrder -temp GSIM.ioc
###############################################################

(globals
    version = 3
    io_order = default
)
(iopin
    (top
	(pin name="i_clk"	 layer=2 width=0.2000 depth=0.7200 place_status=placed  )
	(pin name="i_reset"	 layer=2 width=0.2000 depth=0.7200 place_status=placed  )
	(pin name="i_module_en"	 layer=2 width=0.2000 depth=0.7200 place_status=placed  )
	(pin name="i_matrix_num[4]"	 layer=2 width=0.2000 depth=0.7200 place_status=placed  )
	(pin name="i_matrix_num[3]"	 layer=2 width=0.2000 depth=0.7200 place_status=placed  )
	(pin name="i_matrix_num[2]"	 layer=2 width=0.2000 depth=0.7200 place_status=placed  )
	(pin name="i_matrix_num[1]"	 layer=2 width=0.2000 depth=0.7200 place_status=placed  )
	(pin name="i_matrix_num[0]"	 layer=2 width=0.2000 depth=0.7200 place_status=placed  )
	(pin name="o_proc_done"	 layer=2 width=0.2000 depth=0.7200 place_status=placed  )
	(pin name="o_mem_rreq"	 layer=2 width=0.2000 depth=0.7200 place_status=placed  )
	(pin name="o_mem_addr[9]"	 layer=2 width=0.2000 depth=0.7200 place_status=placed  )
	(pin name="o_mem_addr[8]"	 layer=2 width=0.2000 depth=0.7200 place_status=placed  )
	(pin name="o_mem_addr[7]"	 layer=2 width=0.2000 depth=0.7200 place_status=placed  )
	(pin name="o_mem_addr[6]"	 layer=2 width=0.2000 depth=0.7200 place_status=placed  )
	(pin name="o_mem_addr[5]"	 layer=2 width=0.2000 depth=0.7200 place_status=placed  )
	(pin name="o_mem_addr[4]"	 layer=2 width=0.2000 depth=0.7200 place_status=placed  )
	(pin name="o_mem_addr[3]"	 layer=2 width=0.2000 depth=0.7200 place_status=placed  )
	(pin name="o_mem_addr[2]"	 layer=2 width=0.2000 depth=0.7200 place_status=placed  )
	(pin name="o_mem_addr[1]"	 layer=2 width=0.2000 depth=0.7200 place_status=placed  )
	(pin name="o_mem_addr[0]"	 layer=2 width=0.2000 depth=0.7200 place_status=placed  )
	(pin name="i_mem_rrdy"	 layer=2 width=0.2000 depth=0.7200 place_status=placed  )
	(pin name="i_mem_dout[255]"	 layer=2 width=0.2000 depth=0.7200 place_status=placed  )
	(pin name="i_mem_dout[254]"	 layer=2 width=0.2000 depth=0.7200 place_status=placed  )
	(pin name="i_mem_dout[253]"	 layer=2 width=0.2000 depth=0.7200 place_status=placed  )
	(pin name="i_mem_dout[252]"	 layer=2 width=0.2000 depth=0.7200 place_status=placed  )
	(pin name="i_mem_dout[251]"	 layer=2 width=0.2000 depth=0.7200 place_status=placed  )
	(pin name="i_mem_dout[250]"	 layer=2 width=0.2000 depth=0.7200 place_status=placed  )
	(pin name="i_mem_dout[249]"	 layer=2 width=0.2000 depth=0.7200 place_status=placed  )
	(pin name="i_mem_dout[248]"	 layer=2 width=0.2000 depth=0.7200 place_status=placed  )
	(pin name="i_mem_dout[247]"	 layer=2 width=0.2000 depth=0.7200 place_status=placed  )
	(pin name="i_mem_dout[246]"	 layer=2 width=0.2000 depth=0.7200 place_status=placed  )
	(pin name="i_mem_dout[245]"	 layer=2 width=0.2000 depth=0.7200 place_status=placed  )
	(pin name="i_mem_dout[244]"	 layer=2 width=0.2000 depth=0.7200 place_status=placed  )
	(pin name="i_mem_dout[243]"	 layer=2 width=0.2000 depth=0.7200 place_status=placed  )
	(pin name="i_mem_dout[242]"	 layer=2 width=0.2000 depth=0.7200 place_status=placed  )
	(pin name="i_mem_dout[241]"	 layer=2 width=0.2000 depth=0.7200 place_status=placed  )
	(pin name="i_mem_dout[240]"	 layer=2 width=0.2000 depth=0.7200 place_status=placed  )
	(pin name="i_mem_dout[239]"	 layer=2 width=0.2000 depth=0.7200 place_status=placed  )
	(pin name="i_mem_dout[238]"	 layer=2 width=0.2000 depth=0.7200 place_status=placed  )
	(pin name="i_mem_dout[237]"	 layer=2 width=0.2000 depth=0.7200 place_status=placed  )
	(pin name="i_mem_dout[236]"	 layer=2 width=0.2000 depth=0.7200 place_status=placed  )
	(pin name="i_mem_dout[235]"	 layer=2 width=0.2000 depth=0.7200 place_status=placed  )
	(pin name="i_mem_dout[234]"	 layer=2 width=0.2000 depth=0.7200 place_status=placed  )
	(pin name="i_mem_dout[233]"	 layer=2 width=0.2000 depth=0.7200 place_status=placed  )
	(pin name="i_mem_dout[232]"	 layer=2 width=0.2000 depth=0.7200 place_status=placed  )
	(pin name="i_mem_dout[231]"	 layer=2 width=0.2000 depth=0.7200 place_status=placed  )
	(pin name="i_mem_dout[230]"	 layer=2 width=0.2000 depth=0.7200 place_status=placed  )
	(pin name="i_mem_dout[229]"	 layer=2 width=0.2000 depth=0.7200 place_status=placed  )
	(pin name="i_mem_dout[228]"	 layer=2 width=0.2000 depth=0.7200 place_status=placed  )
	(pin name="i_mem_dout[227]"	 layer=2 width=0.2000 depth=0.7200 place_status=placed  )
	(pin name="i_mem_dout[226]"	 layer=2 width=0.2000 depth=0.7200 place_status=placed  )
	(pin name="i_mem_dout[225]"	 layer=2 width=0.2000 depth=0.7200 place_status=placed  )
	(pin name="i_mem_dout[224]"	 layer=2 width=0.2000 depth=0.7200 place_status=placed  )
	(pin name="i_mem_dout[223]"	 layer=2 width=0.2000 depth=0.7200 place_status=placed  )
	(pin name="i_mem_dout[222]"	 layer=2 width=0.2000 depth=0.7200 place_status=placed  )
	(pin name="i_mem_dout[221]"	 layer=2 width=0.2000 depth=0.7200 place_status=placed  )
	(pin name="i_mem_dout[220]"	 layer=2 width=0.2000 depth=0.7200 place_status=placed  )
	(pin name="i_mem_dout[219]"	 layer=2 width=0.2000 depth=0.7200 place_status=placed  )
	(pin name="i_mem_dout[218]"	 layer=2 width=0.2000 depth=0.7200 place_status=placed  )
	(pin name="i_mem_dout[217]"	 layer=2 width=0.2000 depth=0.7200 place_status=placed  )
	(pin name="i_mem_dout[216]"	 layer=2 width=0.2000 depth=0.7200 place_status=placed  )
	(pin name="i_mem_dout[215]"	 layer=2 width=0.2000 depth=0.7200 place_status=placed  )
	(pin name="i_mem_dout[214]"	 layer=2 width=0.2000 depth=0.7200 place_status=placed  )
	(pin name="i_mem_dout[213]"	 layer=2 width=0.2000 depth=0.7200 place_status=placed  )
	(pin name="i_mem_dout[212]"	 layer=2 width=0.2000 depth=0.7200 place_status=placed  )
	(pin name="i_mem_dout[211]"	 layer=2 width=0.2000 depth=0.7200 place_status=placed  )
	(pin name="i_mem_dout[210]"	 layer=2 width=0.2000 depth=0.7200 place_status=placed  )
	(pin name="i_mem_dout[209]"	 layer=2 width=0.2000 depth=0.7200 place_status=placed  )
	(pin name="i_mem_dout[208]"	 layer=2 width=0.2000 depth=0.7200 place_status=placed  )
	(pin name="i_mem_dout[207]"	 layer=2 width=0.2000 depth=0.7200 place_status=placed  )
	(pin name="i_mem_dout[206]"	 layer=2 width=0.2000 depth=0.7200 place_status=placed  )
	(pin name="i_mem_dout[205]"	 layer=2 width=0.2000 depth=0.7200 place_status=placed  )
	(pin name="i_mem_dout[204]"	 layer=2 width=0.2000 depth=0.7200 place_status=placed  )
	(pin name="i_mem_dout[203]"	 layer=2 width=0.2000 depth=0.7200 place_status=placed  )
	(pin name="i_mem_dout[202]"	 layer=2 width=0.2000 depth=0.7200 place_status=placed  )
	(pin name="i_mem_dout[201]"	 layer=2 width=0.2000 depth=0.7200 place_status=placed  )
	(pin name="i_mem_dout[200]"	 layer=2 width=0.2000 depth=0.7200 place_status=placed  )
	(pin name="i_mem_dout[199]"	 layer=2 width=0.2000 depth=0.7200 place_status=placed  )
	(pin name="i_mem_dout[198]"	 layer=2 width=0.2000 depth=0.7200 place_status=placed  )
	(pin name="i_mem_dout[197]"	 layer=2 width=0.2000 depth=0.7200 place_status=placed  )
    )
    (left
	(pin name="i_mem_dout[196]"	 layer=3 width=0.2000 depth=0.7200 place_status=placed  )
	(pin name="i_mem_dout[195]"	 layer=3 width=0.2000 depth=0.7200 place_status=placed  )
	(pin name="i_mem_dout[194]"	 layer=3 width=0.2000 depth=0.7200 place_status=placed  )
	(pin name="i_mem_dout[193]"	 layer=3 width=0.2000 depth=0.7200 place_status=placed  )
	(pin name="i_mem_dout[192]"	 layer=3 width=0.2000 depth=0.7200 place_status=placed  )
	(pin name="i_mem_dout[191]"	 layer=3 width=0.2000 depth=0.7200 place_status=placed  )
	(pin name="i_mem_dout[190]"	 layer=3 width=0.2000 depth=0.7200 place_status=placed  )
	(pin name="i_mem_dout[189]"	 layer=3 width=0.2000 depth=0.7200 place_status=placed  )
	(pin name="i_mem_dout[188]"	 layer=3 width=0.2000 depth=0.7200 place_status=placed  )
	(pin name="i_mem_dout[187]"	 layer=3 width=0.2000 depth=0.7200 place_status=placed  )
	(pin name="i_mem_dout[186]"	 layer=3 width=0.2000 depth=0.7200 place_status=placed  )
	(pin name="i_mem_dout[185]"	 layer=3 width=0.2000 depth=0.7200 place_status=placed  )
	(pin name="i_mem_dout[184]"	 layer=3 width=0.2000 depth=0.7200 place_status=placed  )
	(pin name="i_mem_dout[183]"	 layer=3 width=0.2000 depth=0.7200 place_status=placed  )
	(pin name="i_mem_dout[182]"	 layer=3 width=0.2000 depth=0.7200 place_status=placed  )
	(pin name="i_mem_dout[181]"	 layer=3 width=0.2000 depth=0.7200 place_status=placed  )
	(pin name="i_mem_dout[180]"	 layer=3 width=0.2000 depth=0.7200 place_status=placed  )
	(pin name="i_mem_dout[179]"	 layer=3 width=0.2000 depth=0.7200 place_status=placed  )
	(pin name="i_mem_dout[178]"	 layer=3 width=0.2000 depth=0.7200 place_status=placed  )
	(pin name="i_mem_dout[177]"	 layer=3 width=0.2000 depth=0.7200 place_status=placed  )
	(pin name="i_mem_dout[176]"	 layer=3 width=0.2000 depth=0.7200 place_status=placed  )
	(pin name="i_mem_dout[175]"	 layer=3 width=0.2000 depth=0.7200 place_status=placed  )
	(pin name="i_mem_dout[174]"	 layer=3 width=0.2000 depth=0.7200 place_status=placed  )
	(pin name="i_mem_dout[173]"	 layer=3 width=0.2000 depth=0.7200 place_status=placed  )
	(pin name="i_mem_dout[172]"	 layer=3 width=0.2000 depth=0.7200 place_status=placed  )
	(pin name="i_mem_dout[171]"	 layer=3 width=0.2000 depth=0.7200 place_status=placed  )
	(pin name="i_mem_dout[170]"	 layer=3 width=0.2000 depth=0.7200 place_status=placed  )
	(pin name="i_mem_dout[169]"	 layer=3 width=0.2000 depth=0.7200 place_status=placed  )
	(pin name="i_mem_dout[168]"	 layer=3 width=0.2000 depth=0.7200 place_status=placed  )
	(pin name="i_mem_dout[167]"	 layer=3 width=0.2000 depth=0.7200 place_status=placed  )
	(pin name="i_mem_dout[166]"	 layer=3 width=0.2000 depth=0.7200 place_status=placed  )
	(pin name="i_mem_dout[165]"	 layer=3 width=0.2000 depth=0.7200 place_status=placed  )
	(pin name="i_mem_dout[164]"	 layer=3 width=0.2000 depth=0.7200 place_status=placed  )
	(pin name="i_mem_dout[163]"	 layer=3 width=0.2000 depth=0.7200 place_status=placed  )
	(pin name="i_mem_dout[162]"	 layer=3 width=0.2000 depth=0.7200 place_status=placed  )
	(pin name="i_mem_dout[161]"	 layer=3 width=0.2000 depth=0.7200 place_status=placed  )
	(pin name="i_mem_dout[160]"	 layer=3 width=0.2000 depth=0.7200 place_status=placed  )
	(pin name="i_mem_dout[159]"	 layer=3 width=0.2000 depth=0.7200 place_status=placed  )
	(pin name="i_mem_dout[158]"	 layer=3 width=0.2000 depth=0.7200 place_status=placed  )
	(pin name="i_mem_dout[157]"	 layer=3 width=0.2000 depth=0.7200 place_status=placed  )
	(pin name="i_mem_dout[156]"	 layer=3 width=0.2000 depth=0.7200 place_status=placed  )
	(pin name="i_mem_dout[155]"	 layer=3 width=0.2000 depth=0.7200 place_status=placed  )
	(pin name="i_mem_dout[154]"	 layer=3 width=0.2000 depth=0.7200 place_status=placed  )
	(pin name="i_mem_dout[153]"	 layer=3 width=0.2000 depth=0.7200 place_status=placed  )
	(pin name="i_mem_dout[152]"	 layer=3 width=0.2000 depth=0.7200 place_status=placed  )
	(pin name="i_mem_dout[151]"	 layer=3 width=0.2000 depth=0.7200 place_status=placed  )
	(pin name="i_mem_dout[150]"	 layer=3 width=0.2000 depth=0.7200 place_status=placed  )
	(pin name="i_mem_dout[149]"	 layer=3 width=0.2000 depth=0.7200 place_status=placed  )
	(pin name="i_mem_dout[148]"	 layer=3 width=0.2000 depth=0.7200 place_status=placed  )
	(pin name="i_mem_dout[147]"	 layer=3 width=0.2000 depth=0.7200 place_status=placed  )
	(pin name="i_mem_dout[146]"	 layer=3 width=0.2000 depth=0.7200 place_status=placed  )
	(pin name="i_mem_dout[145]"	 layer=3 width=0.2000 depth=0.7200 place_status=placed  )
	(pin name="i_mem_dout[144]"	 layer=3 width=0.2000 depth=0.7200 place_status=placed  )
	(pin name="i_mem_dout[143]"	 layer=3 width=0.2000 depth=0.7200 place_status=placed  )
	(pin name="i_mem_dout[142]"	 layer=3 width=0.2000 depth=0.7200 place_status=placed  )
	(pin name="i_mem_dout[141]"	 layer=3 width=0.2000 depth=0.7200 place_status=placed  )
	(pin name="i_mem_dout[140]"	 layer=3 width=0.2000 depth=0.7200 place_status=placed  )
	(pin name="i_mem_dout[139]"	 layer=3 width=0.2000 depth=0.7200 place_status=placed  )
	(pin name="i_mem_dout[138]"	 layer=3 width=0.2000 depth=0.7200 place_status=placed  )
	(pin name="i_mem_dout[137]"	 layer=3 width=0.2000 depth=0.7200 place_status=placed  )
	(pin name="i_mem_dout[136]"	 layer=3 width=0.2000 depth=0.7200 place_status=placed  )
	(pin name="i_mem_dout[135]"	 layer=3 width=0.2000 depth=0.7200 place_status=placed  )
	(pin name="i_mem_dout[134]"	 layer=3 width=0.2000 depth=0.7200 place_status=placed  )
	(pin name="i_mem_dout[133]"	 layer=3 width=0.2000 depth=0.7200 place_status=placed  )
	(pin name="i_mem_dout[132]"	 layer=3 width=0.2000 depth=0.7200 place_status=placed  )
	(pin name="i_mem_dout[131]"	 layer=3 width=0.2000 depth=0.7200 place_status=placed  )
	(pin name="i_mem_dout[130]"	 layer=3 width=0.2000 depth=0.7200 place_status=placed  )
	(pin name="i_mem_dout[129]"	 layer=3 width=0.2000 depth=0.7200 place_status=placed  )
	(pin name="i_mem_dout[128]"	 layer=3 width=0.2000 depth=0.7200 place_status=placed  )
	(pin name="i_mem_dout[127]"	 layer=3 width=0.2000 depth=0.7200 place_status=placed  )
	(pin name="i_mem_dout[126]"	 layer=3 width=0.2000 depth=0.7200 place_status=placed  )
	(pin name="i_mem_dout[125]"	 layer=3 width=0.2000 depth=0.7200 place_status=placed  )
	(pin name="i_mem_dout[124]"	 layer=3 width=0.2000 depth=0.7200 place_status=placed  )
	(pin name="i_mem_dout[123]"	 layer=3 width=0.2000 depth=0.7200 place_status=placed  )
	(pin name="i_mem_dout[122]"	 layer=3 width=0.2000 depth=0.7200 place_status=placed  )
	(pin name="i_mem_dout[121]"	 layer=3 width=0.2000 depth=0.7200 place_status=placed  )
	(pin name="i_mem_dout[120]"	 layer=3 width=0.2000 depth=0.7200 place_status=placed  )
	(pin name="i_mem_dout[119]"	 layer=3 width=0.2000 depth=0.7200 place_status=placed  )
	(pin name="i_mem_dout[118]"	 layer=3 width=0.2000 depth=0.7200 place_status=placed  )
	(pin name="i_mem_dout[117]"	 layer=3 width=0.2000 depth=0.7200 place_status=placed  )
    )
    (bottom
	(pin name="i_mem_dout[116]"	 layer=2 width=0.2000 depth=0.7200 place_status=placed  )
	(pin name="i_mem_dout[115]"	 layer=2 width=0.2000 depth=0.7200 place_status=placed  )
	(pin name="i_mem_dout[114]"	 layer=2 width=0.2000 depth=0.7200 place_status=placed  )
	(pin name="i_mem_dout[113]"	 layer=2 width=0.2000 depth=0.7200 place_status=placed  )
	(pin name="i_mem_dout[112]"	 layer=2 width=0.2000 depth=0.7200 place_status=placed  )
	(pin name="i_mem_dout[111]"	 layer=2 width=0.2000 depth=0.7200 place_status=placed  )
	(pin name="i_mem_dout[110]"	 layer=2 width=0.2000 depth=0.7200 place_status=placed  )
	(pin name="i_mem_dout[109]"	 layer=2 width=0.2000 depth=0.7200 place_status=placed  )
	(pin name="i_mem_dout[108]"	 layer=2 width=0.2000 depth=0.7200 place_status=placed  )
	(pin name="i_mem_dout[107]"	 layer=2 width=0.2000 depth=0.7200 place_status=placed  )
	(pin name="i_mem_dout[106]"	 layer=2 width=0.2000 depth=0.7200 place_status=placed  )
	(pin name="i_mem_dout[105]"	 layer=2 width=0.2000 depth=0.7200 place_status=placed  )
	(pin name="i_mem_dout[104]"	 layer=2 width=0.2000 depth=0.7200 place_status=placed  )
	(pin name="i_mem_dout[103]"	 layer=2 width=0.2000 depth=0.7200 place_status=placed  )
	(pin name="i_mem_dout[102]"	 layer=2 width=0.2000 depth=0.7200 place_status=placed  )
	(pin name="i_mem_dout[101]"	 layer=2 width=0.2000 depth=0.7200 place_status=placed  )
	(pin name="i_mem_dout[100]"	 layer=2 width=0.2000 depth=0.7200 place_status=placed  )
	(pin name="i_mem_dout[99]"	 layer=2 width=0.2000 depth=0.7200 place_status=placed  )
	(pin name="i_mem_dout[98]"	 layer=2 width=0.2000 depth=0.7200 place_status=placed  )
	(pin name="i_mem_dout[97]"	 layer=2 width=0.2000 depth=0.7200 place_status=placed  )
	(pin name="i_mem_dout[96]"	 layer=2 width=0.2000 depth=0.7200 place_status=placed  )
	(pin name="i_mem_dout[95]"	 layer=2 width=0.2000 depth=0.7200 place_status=placed  )
	(pin name="i_mem_dout[94]"	 layer=2 width=0.2000 depth=0.7200 place_status=placed  )
	(pin name="i_mem_dout[93]"	 layer=2 width=0.2000 depth=0.7200 place_status=placed  )
	(pin name="i_mem_dout[92]"	 layer=2 width=0.2000 depth=0.7200 place_status=placed  )
	(pin name="i_mem_dout[91]"	 layer=2 width=0.2000 depth=0.7200 place_status=placed  )
	(pin name="i_mem_dout[90]"	 layer=2 width=0.2000 depth=0.7200 place_status=placed  )
	(pin name="i_mem_dout[89]"	 layer=2 width=0.2000 depth=0.7200 place_status=placed  )
	(pin name="i_mem_dout[88]"	 layer=2 width=0.2000 depth=0.7200 place_status=placed  )
	(pin name="i_mem_dout[87]"	 layer=2 width=0.2000 depth=0.7200 place_status=placed  )
	(pin name="i_mem_dout[86]"	 layer=2 width=0.2000 depth=0.7200 place_status=placed  )
	(pin name="i_mem_dout[85]"	 layer=2 width=0.2000 depth=0.7200 place_status=placed  )
	(pin name="i_mem_dout[84]"	 layer=2 width=0.2000 depth=0.7200 place_status=placed  )
	(pin name="i_mem_dout[83]"	 layer=2 width=0.2000 depth=0.7200 place_status=placed  )
	(pin name="i_mem_dout[82]"	 layer=2 width=0.2000 depth=0.7200 place_status=placed  )
	(pin name="i_mem_dout[81]"	 layer=2 width=0.2000 depth=0.7200 place_status=placed  )
	(pin name="i_mem_dout[80]"	 layer=2 width=0.2000 depth=0.7200 place_status=placed  )
	(pin name="i_mem_dout[79]"	 layer=2 width=0.2000 depth=0.7200 place_status=placed  )
	(pin name="i_mem_dout[78]"	 layer=2 width=0.2000 depth=0.7200 place_status=placed  )
	(pin name="i_mem_dout[77]"	 layer=2 width=0.2000 depth=0.7200 place_status=placed  )
	(pin name="i_mem_dout[76]"	 layer=2 width=0.2000 depth=0.7200 place_status=placed  )
	(pin name="i_mem_dout[75]"	 layer=2 width=0.2000 depth=0.7200 place_status=placed  )
	(pin name="i_mem_dout[74]"	 layer=2 width=0.2000 depth=0.7200 place_status=placed  )
	(pin name="i_mem_dout[73]"	 layer=2 width=0.2000 depth=0.7200 place_status=placed  )
	(pin name="i_mem_dout[72]"	 layer=2 width=0.2000 depth=0.7200 place_status=placed  )
	(pin name="i_mem_dout[71]"	 layer=2 width=0.2000 depth=0.7200 place_status=placed  )
	(pin name="i_mem_dout[70]"	 layer=2 width=0.2000 depth=0.7200 place_status=placed  )
	(pin name="i_mem_dout[69]"	 layer=2 width=0.2000 depth=0.7200 place_status=placed  )
	(pin name="i_mem_dout[68]"	 layer=2 width=0.2000 depth=0.7200 place_status=placed  )
	(pin name="i_mem_dout[67]"	 layer=2 width=0.2000 depth=0.7200 place_status=placed  )
	(pin name="i_mem_dout[66]"	 layer=2 width=0.2000 depth=0.7200 place_status=placed  )
	(pin name="i_mem_dout[65]"	 layer=2 width=0.2000 depth=0.7200 place_status=placed  )
	(pin name="i_mem_dout[64]"	 layer=2 width=0.2000 depth=0.7200 place_status=placed  )
	(pin name="i_mem_dout[63]"	 layer=2 width=0.2000 depth=0.7200 place_status=placed  )
	(pin name="i_mem_dout[62]"	 layer=2 width=0.2000 depth=0.7200 place_status=placed  )
	(pin name="i_mem_dout[61]"	 layer=2 width=0.2000 depth=0.7200 place_status=placed  )
	(pin name="i_mem_dout[60]"	 layer=2 width=0.2000 depth=0.7200 place_status=placed  )
	(pin name="i_mem_dout[59]"	 layer=2 width=0.2000 depth=0.7200 place_status=placed  )
	(pin name="i_mem_dout[58]"	 layer=2 width=0.2000 depth=0.7200 place_status=placed  )
	(pin name="i_mem_dout[57]"	 layer=2 width=0.2000 depth=0.7200 place_status=placed  )
	(pin name="i_mem_dout[56]"	 layer=2 width=0.2000 depth=0.7200 place_status=placed  )
	(pin name="i_mem_dout[55]"	 layer=2 width=0.2000 depth=0.7200 place_status=placed  )
	(pin name="i_mem_dout[54]"	 layer=2 width=0.2000 depth=0.7200 place_status=placed  )
	(pin name="i_mem_dout[53]"	 layer=2 width=0.2000 depth=0.7200 place_status=placed  )
	(pin name="i_mem_dout[52]"	 layer=2 width=0.2000 depth=0.7200 place_status=placed  )
	(pin name="i_mem_dout[51]"	 layer=2 width=0.2000 depth=0.7200 place_status=placed  )
	(pin name="i_mem_dout[50]"	 layer=2 width=0.2000 depth=0.7200 place_status=placed  )
	(pin name="i_mem_dout[49]"	 layer=2 width=0.2000 depth=0.7200 place_status=placed  )
	(pin name="i_mem_dout[48]"	 layer=2 width=0.2000 depth=0.7200 place_status=placed  )
	(pin name="i_mem_dout[47]"	 layer=2 width=0.2000 depth=0.7200 place_status=placed  )
	(pin name="i_mem_dout[46]"	 layer=2 width=0.2000 depth=0.7200 place_status=placed  )
	(pin name="i_mem_dout[45]"	 layer=2 width=0.2000 depth=0.7200 place_status=placed  )
	(pin name="i_mem_dout[44]"	 layer=2 width=0.2000 depth=0.7200 place_status=placed  )
	(pin name="i_mem_dout[43]"	 layer=2 width=0.2000 depth=0.7200 place_status=placed  )
	(pin name="i_mem_dout[42]"	 layer=2 width=0.2000 depth=0.7200 place_status=placed  )
	(pin name="i_mem_dout[41]"	 layer=2 width=0.2000 depth=0.7200 place_status=placed  )
	(pin name="i_mem_dout[40]"	 layer=2 width=0.2000 depth=0.7200 place_status=placed  )
	(pin name="i_mem_dout[39]"	 layer=2 width=0.2000 depth=0.7200 place_status=placed  )
	(pin name="i_mem_dout[38]"	 layer=2 width=0.2000 depth=0.7200 place_status=placed  )
	(pin name="i_mem_dout[37]"	 layer=2 width=0.2000 depth=0.7200 place_status=placed  )
    )
    (right
	(pin name="i_mem_dout[36]"	 layer=3 width=0.2000 depth=0.7200 place_status=placed  )
	(pin name="i_mem_dout[35]"	 layer=3 width=0.2000 depth=0.7200 place_status=placed  )
	(pin name="i_mem_dout[34]"	 layer=3 width=0.2000 depth=0.7200 place_status=placed  )
	(pin name="i_mem_dout[33]"	 layer=3 width=0.2000 depth=0.7200 place_status=placed  )
	(pin name="i_mem_dout[32]"	 layer=3 width=0.2000 depth=0.7200 place_status=placed  )
	(pin name="i_mem_dout[31]"	 layer=3 width=0.2000 depth=0.7200 place_status=placed  )
	(pin name="i_mem_dout[30]"	 layer=3 width=0.2000 depth=0.7200 place_status=placed  )
	(pin name="i_mem_dout[29]"	 layer=3 width=0.2000 depth=0.7200 place_status=placed  )
	(pin name="i_mem_dout[28]"	 layer=3 width=0.2000 depth=0.7200 place_status=placed  )
	(pin name="i_mem_dout[27]"	 layer=3 width=0.2000 depth=0.7200 place_status=placed  )
	(pin name="i_mem_dout[26]"	 layer=3 width=0.2000 depth=0.7200 place_status=placed  )
	(pin name="i_mem_dout[25]"	 layer=3 width=0.2000 depth=0.7200 place_status=placed  )
	(pin name="i_mem_dout[24]"	 layer=3 width=0.2000 depth=0.7200 place_status=placed  )
	(pin name="i_mem_dout[23]"	 layer=3 width=0.2000 depth=0.7200 place_status=placed  )
	(pin name="i_mem_dout[22]"	 layer=3 width=0.2000 depth=0.7200 place_status=placed  )
	(pin name="i_mem_dout[21]"	 layer=3 width=0.2000 depth=0.7200 place_status=placed  )
	(pin name="i_mem_dout[20]"	 layer=3 width=0.2000 depth=0.7200 place_status=placed  )
	(pin name="i_mem_dout[19]"	 layer=3 width=0.2000 depth=0.7200 place_status=placed  )
	(pin name="i_mem_dout[18]"	 layer=3 width=0.2000 depth=0.7200 place_status=placed  )
	(pin name="i_mem_dout[17]"	 layer=3 width=0.2000 depth=0.7200 place_status=placed  )
	(pin name="i_mem_dout[16]"	 layer=3 width=0.2000 depth=0.7200 place_status=placed  )
	(pin name="i_mem_dout[15]"	 layer=3 width=0.2000 depth=0.7200 place_status=placed  )
	(pin name="i_mem_dout[14]"	 layer=3 width=0.2000 depth=0.7200 place_status=placed  )
	(pin name="i_mem_dout[13]"	 layer=3 width=0.2000 depth=0.7200 place_status=placed  )
	(pin name="i_mem_dout[12]"	 layer=3 width=0.2000 depth=0.7200 place_status=placed  )
	(pin name="i_mem_dout[11]"	 layer=3 width=0.2000 depth=0.7200 place_status=placed  )
	(pin name="i_mem_dout[10]"	 layer=3 width=0.2000 depth=0.7200 place_status=placed  )
	(pin name="i_mem_dout[9]"	 layer=3 width=0.2000 depth=0.7200 place_status=placed  )
	(pin name="i_mem_dout[8]"	 layer=3 width=0.2000 depth=0.7200 place_status=placed  )
	(pin name="i_mem_dout[7]"	 layer=3 width=0.2000 depth=0.7200 place_status=placed  )
	(pin name="i_mem_dout[6]"	 layer=3 width=0.2000 depth=0.7200 place_status=placed  )
	(pin name="i_mem_dout[5]"	 layer=3 width=0.2000 depth=0.7200 place_status=placed  )
	(pin name="i_mem_dout[4]"	 layer=3 width=0.2000 depth=0.7200 place_status=placed  )
	(pin name="i_mem_dout[3]"	 layer=3 width=0.2000 depth=0.7200 place_status=placed  )
	(pin name="i_mem_dout[2]"	 layer=3 width=0.2000 depth=0.7200 place_status=placed  )
	(pin name="i_mem_dout[1]"	 layer=3 width=0.2000 depth=0.7200 place_status=placed  )
	(pin name="i_mem_dout[0]"	 layer=3 width=0.2000 depth=0.7200 place_status=placed  )
	(pin name="i_mem_dout_vld"	 layer=3 width=0.2000 depth=0.7200 place_status=placed  )
	(pin name="o_x_wen"	 layer=3 width=0.2000 depth=0.7200 place_status=placed  )
	(pin name="o_x_addr[8]"	 layer=3 width=0.2000 depth=0.7200 place_status=placed  )
	(pin name="o_x_addr[7]"	 layer=3 width=0.2000 depth=0.7200 place_status=placed  )
	(pin name="o_x_addr[6]"	 layer=3 width=0.2000 depth=0.7200 place_status=placed  )
	(pin name="o_x_addr[5]"	 layer=3 width=0.2000 depth=0.7200 place_status=placed  )
	(pin name="o_x_addr[4]"	 layer=3 width=0.2000 depth=0.7200 place_status=placed  )
	(pin name="o_x_addr[3]"	 layer=3 width=0.2000 depth=0.7200 place_status=placed  )
	(pin name="o_x_addr[2]"	 layer=3 width=0.2000 depth=0.7200 place_status=placed  )
	(pin name="o_x_addr[1]"	 layer=3 width=0.2000 depth=0.7200 place_status=placed  )
	(pin name="o_x_addr[0]"	 layer=3 width=0.2000 depth=0.7200 place_status=placed  )
	(pin name="o_x_data[31]"	 layer=3 width=0.2000 depth=0.7200 place_status=placed  )
	(pin name="o_x_data[30]"	 layer=3 width=0.2000 depth=0.7200 place_status=placed  )
	(pin name="o_x_data[29]"	 layer=3 width=0.2000 depth=0.7200 place_status=placed  )
	(pin name="o_x_data[28]"	 layer=3 width=0.2000 depth=0.7200 place_status=placed  )
	(pin name="o_x_data[27]"	 layer=3 width=0.2000 depth=0.7200 place_status=placed  )
	(pin name="o_x_data[26]"	 layer=3 width=0.2000 depth=0.7200 place_status=placed  )
	(pin name="o_x_data[25]"	 layer=3 width=0.2000 depth=0.7200 place_status=placed  )
	(pin name="o_x_data[24]"	 layer=3 width=0.2000 depth=0.7200 place_status=placed  )
	(pin name="o_x_data[23]"	 layer=3 width=0.2000 depth=0.7200 place_status=placed  )
	(pin name="o_x_data[22]"	 layer=3 width=0.2000 depth=0.7200 place_status=placed  )
	(pin name="o_x_data[21]"	 layer=3 width=0.2000 depth=0.7200 place_status=placed  )
	(pin name="o_x_data[20]"	 layer=3 width=0.2000 depth=0.7200 place_status=placed  )
	(pin name="o_x_data[19]"	 layer=3 width=0.2000 depth=0.7200 place_status=placed  )
	(pin name="o_x_data[18]"	 layer=3 width=0.2000 depth=0.7200 place_status=placed  )
	(pin name="o_x_data[17]"	 layer=3 width=0.2000 depth=0.7200 place_status=placed  )
	(pin name="o_x_data[16]"	 layer=3 width=0.2000 depth=0.7200 place_status=placed  )
	(pin name="o_x_data[15]"	 layer=3 width=0.2000 depth=0.7200 place_status=placed  )
	(pin name="o_x_data[14]"	 layer=3 width=0.2000 depth=0.7200 place_status=placed  )
	(pin name="o_x_data[13]"	 layer=3 width=0.2000 depth=0.7200 place_status=placed  )
	(pin name="o_x_data[12]"	 layer=3 width=0.2000 depth=0.7200 place_status=placed  )
	(pin name="o_x_data[11]"	 layer=3 width=0.2000 depth=0.7200 place_status=placed  )
	(pin name="o_x_data[10]"	 layer=3 width=0.2000 depth=0.7200 place_status=placed  )
	(pin name="o_x_data[9]"	 layer=3 width=0.2000 depth=0.7200 place_status=placed  )
	(pin name="o_x_data[8]"	 layer=3 width=0.2000 depth=0.7200 place_status=placed  )
	(pin name="o_x_data[7]"	 layer=3 width=0.2000 depth=0.7200 place_status=placed  )
	(pin name="o_x_data[6]"	 layer=3 width=0.2000 depth=0.7200 place_status=placed  )
	(pin name="o_x_data[5]"	 layer=3 width=0.2000 depth=0.7200 place_status=placed  )
	(pin name="o_x_data[4]"	 layer=3 width=0.2000 depth=0.7200 place_status=placed  )
	(pin name="o_x_data[3]"	 layer=3 width=0.2000 depth=0.7200 place_status=placed  )
	(pin name="o_x_data[2]"	 layer=3 width=0.2000 depth=0.7200 place_status=placed  )
	(pin name="o_x_data[1]"	 layer=3 width=0.2000 depth=0.7200 place_status=placed  )
	(pin name="o_x_data[0]"	 layer=3 width=0.2000 depth=0.7200 place_status=placed  )
    )
)
